
Microsoft Visual Studio Solution File, Format Version 12.00
# Visual Studio Version 17
VisualStudioVersion = 17.5.33530.505
MinimumVisualStudioVersion = 10.0.40219.1
Project("{FAE04EC0-301F-11D3-BF4B-00C04F79EFBC}") = "WindowsFormsApp1", "WindowsFormsApp1\WindowsFormsApp1.csproj", "{A2470FF2-68A1-40F5-B321-1038747D800C}"
EndProject
Global
	GlobalSection(SolutionConfigurationPlatforms) = preSolution
		Debug|Any CPU = Debug|Any CPU
		Release|Any CPU = Release|Any CPU
	EndGlobalSection
	GlobalSection(ProjectConfigurationPlatforms) = postSolution
		{A2470FF2-68A1-40F5-B321-1038747D800C}.Debug|Any CPU.ActiveCfg = Debug|Any CPU
		{A2470FF2-68A1-40F5-B321-1038747D800C}.Debug|Any CPU.Build.0 = Debug|Any CPU
		{A2470FF2-68A1-40F5-B321-1038747D800C}.Release|Any CPU.ActiveCfg = Release|Any CPU
		{A2470FF2-68A1-40F5-B321-1038747D800C}.Release|Any CPU.Build.0 = Release|Any CPU
	EndGlobalSection
	GlobalSection(SolutionProperties) = preSolution
		HideSolutionNode = FALSE
	EndGlobalSection
	GlobalSection(ExtensibilityGlobals) = postSolution
		SolutionGuid = {5AF3683C-48B6-47DF-B5F5-46A91F8029D6}
	EndGlobalSection
EndGlobal
